// !$*UTF8*$!
{
	archiveVersion = 1;
	classes = {
	};
	objectVersion = 46;
	objects = {

/* Begin PBXBuildFile section */
		303E08E31AB260C8008CD270 /* PlaySoundsViewController.swift in Sources */ = {isa = PBXBuildFile; fileRef = 303E08E21AB260C8008CD270 /* PlaySoundsViewController.swift */; };
		303E08E71AB2739D008CD270 /* RecordedAudio.swift in Sources */ = {isa = PBXBuildFile; fileRef = 303E08E61AB2739D008CD270 /* RecordedAudio.swift */; };
		306074881AB12C7800F885E9 /* AppDelegate.swift in Sources */ = {isa = PBXBuildFile; fileRef = 306074871AB12C7800F885E9 /* AppDelegate.swift */; };
		3060748A1AB12C7800F885E9 /* RecordsSoundViewController.swift in Sources */ = {isa = PBXBuildFile; fileRef = 306074891AB12C7800F885E9 /* RecordsSoundViewController.swift */; };
		3060748D1AB12C7800F885E9 /* Main.storyboard in Resources */ = {isa = PBXBuildFile; fileRef = 3060748B1AB12C7800F885E9 /* Main.storyboard */; };
		3060748F1AB12C7800F885E9 /* Images.xcassets in Resources */ = {isa = PBXBuildFile; fileRef = 3060748E1AB12C7800F885E9 /* Images.xcassets */; };
		306074921AB12C7800F885E9 /* LaunchScreen.xib in Resources */ = {isa = PBXBuildFile; fileRef = 306074901AB12C7800F885E9 /* LaunchScreen.xib */; };
		3060749E1AB12C7800F885E9 /* Pitch_PerfectTests.swift in Sources */ = {isa = PBXBuildFile; fileRef = 3060749D1AB12C7800F885E9 /* Pitch_PerfectTests.swift */; };
/* End PBXBuildFile section */

/* Begin PBXContainerItemProxy section */
		306074981AB12C7800F885E9 /* PBXContainerItemProxy */ = {
			isa = PBXContainerItemProxy;
			containerPortal = 3060747A1AB12C7700F885E9 /* Project object */;
			proxyType = 1;
			remoteGlobalIDString = 306074811AB12C7700F885E9;
			remoteInfo = "Pitch Perfect";
		};
/* End PBXContainerItemProxy section */

/* Begin PBXFileReference section */
		303E08E21AB260C8008CD270 /* PlaySoundsViewController.swift */ = {isa = PBXFileReference; fileEncoding = 4; lastKnownFileType = sourcecode.swift; path = PlaySoundsViewController.swift; sourceTree = "<group>"; };
		303E08E61AB2739D008CD270 /* RecordedAudio.swift */ = {isa = PBXFileReference; fileEncoding = 4; lastKnownFileType = sourcecode.swift; path = RecordedAudio.swift; sourceTree = "<group>"; };
		306074821AB12C7800F885E9 /* Pitch Perfect.app */ = {isa = PBXFileReference; explicitFileType = wrapper.application; includeInIndex = 0; path = "Pitch Perfect.app"; sourceTree = BUILT_PRODUCTS_DIR; };
		306074861AB12C7800F885E9 /* Info.plist */ = {isa = PBXFileReference; lastKnownFileType = text.plist.xml; path = Info.plist; sourceTree = "<group>"; };
		306074871AB12C7800F885E9 /* AppDelegate.swift */ = {isa = PBXFileReference; lastKnownFileType = sourcecode.swift; path = AppDelegate.swift; sourceTree = "<group>"; };
		306074891AB12C7800F885E9 /* RecordsSoundViewController.swift */ = {isa = PBXFileReference; lastKnownFileType = sourcecode.swift; path = RecordsSoundViewController.swift; sourceTree = "<group>"; };
		3060748C1AB12C7800F885E9 /* Base */ = {isa = PBXFileReference; lastKnownFileType = file.storyboard; name = Base; path = Base.lproj/Main.storyboard; sourceTree = "<group>"; };
		3060748E1AB12C7800F885E9 /* Images.xcassets */ = {isa = PBXFileReference; lastKnownFileType = folder.assetcatalog; path = Images.xcassets; sourceTree = "<group>"; };
		306074911AB12C7800F885E9 /* Base */ = {isa = PBXFileReference; lastKnownFileType = file.xib; name = Base; path = Base.lproj/LaunchScreen.xib; sourceTree = "<group>"; };
		306074971AB12C7800F885E9 /* Pitch PerfectTests.xctest */ = {isa = PBXFileReference; explicitFileType = wrapper.cfbundle; includeInIndex = 0; path = "Pitch PerfectTests.xctest"; sourceTree = BUILT_PRODUCTS_DIR; };
		3060749C1AB12C7800F885E9 /* Info.plist */ = {isa = PBXFileReference; lastKnownFileType = text.plist.xml; path = Info.plist; sourceTree = "<group>"; };
		3060749D1AB12C7800F885E9 /* Pitch_PerfectTests.swift */ = {isa = PBXFileReference; lastKnownFileType = sourcecode.swift; path = Pitch_PerfectTests.swift; sourceTree = "<group>"; };
/* End PBXFileReference section */

/* Begin PBXFrameworksBuildPhase section */
		3060747F1AB12C7700F885E9 /* Frameworks */ = {
			isa = PBXFrameworksBuildPhase;
			buildActionMask = 2147483647;
			files = (
			);
			runOnlyForDeploymentPostprocessing = 0;
		};
		306074941AB12C7800F885E9 /* Frameworks */ = {
			isa = PBXFrameworksBuildPhase;
			buildActionMask = 2147483647;
			files = (
			);
			runOnlyForDeploymentPostprocessing = 0;
		};
/* End PBXFrameworksBuildPhase section */

/* Begin PBXGroup section */
		306074791AB12C7700F885E9 = {
			isa = PBXGroup;
			children = (
				306074841AB12C7800F885E9 /* Pitch Perfect */,
				3060749A1AB12C7800F885E9 /* Pitch PerfectTests */,
				306074831AB12C7800F885E9 /* Products */,
			);
			sourceTree = "<group>";
		};
		306074831AB12C7800F885E9 /* Products */ = {
			isa = PBXGroup;
			children = (
				306074821AB12C7800F885E9 /* Pitch Perfect.app */,
				306074971AB12C7800F885E9 /* Pitch PerfectTests.xctest */,
			);
			name = Products;
			sourceTree = "<group>";
		};
		306074841AB12C7800F885E9 /* Pitch Perfect */ = {
			isa = PBXGroup;
			children = (
				306074871AB12C7800F885E9 /* AppDelegate.swift */,
				306074891AB12C7800F885E9 /* RecordsSoundViewController.swift */,
				3060748B1AB12C7800F885E9 /* Main.storyboard */,
				303E08E21AB260C8008CD270 /* PlaySoundsViewController.swift */,
				3060748E1AB12C7800F885E9 /* Images.xcassets */,
				306074901AB12C7800F885E9 /* LaunchScreen.xib */,
				306074851AB12C7800F885E9 /* Supporting Files */,
				303E08E61AB2739D008CD270 /* RecordedAudio.swift */,
			);
			path = "Pitch Perfect";
			sourceTree = "<group>";
		};
		306074851AB12C7800F885E9 /* Supporting Files */ = {
			isa = PBXGroup;
			children = (
				306074861AB12C7800F885E9 /* Info.plist */,
			);
			name = "Supporting Files";
			sourceTree = "<group>";
		};
		3060749A1AB12C7800F885E9 /* Pitch PerfectTests */ = {
			isa = PBXGroup;
			children = (
				3060749D1AB12C7800F885E9 /* Pitch_PerfectTests.swift */,
				3060749B1AB12C7800F885E9 /* Supporting Files */,
			);
			path = "Pitch PerfectTests";
			sourceTree = "<group>";
		};
		3060749B1AB12C7800F885E9 /* Supporting Files */ = {
			isa = PBXGroup;
			children = (
				3060749C1AB12C7800F885E9 /* Info.plist */,
			);
			name = "Supporting Files";
			sourceTree = "<group>";
		};
/* End PBXGroup section */

/* Begin PBXNativeTarget section */
		306074811AB12C7700F885E9 /* Pitch Perfect */ = {
			isa = PBXNativeTarget;
			buildConfigurationList = 306074A11AB12C7800F885E9 /* Build configuration list for PBXNativeTarget "Pitch Perfect" */;
			buildPhases = (
				3060747E1AB12C7700F885E9 /* Sources */,
				3060747F1AB12C7700F885E9 /* Frameworks */,
				306074801AB12C7700F885E9 /* Resources */,
			);
			buildRules = (
			);
			dependencies = (
			);
			name = "Pitch Perfect";
			productName = "Pitch Perfect";
			productReference = 306074821AB12C7800F885E9 /* Pitch Perfect.app */;
			productType = "com.apple.product-type.application";
		};
		306074961AB12C7800F885E9 /* Pitch PerfectTests */ = {
			isa = PBXNativeTarget;
			buildConfigurationList = 306074A41AB12C7800F885E9 /* Build configuration list for PBXNativeTarget "Pitch PerfectTests" */;
			buildPhases = (
				306074931AB12C7800F885E9 /* Sources */,
				306074941AB12C7800F885E9 /* Frameworks */,
				306074951AB12C7800F885E9 /* Resources */,
			);
			buildRules = (
			);
			dependencies = (
				306074991AB12C7800F885E9 /* PBXTargetDependency */,
			);
			name = "Pitch PerfectTests";
			productName = "Pitch PerfectTests";
			productReference = 306074971AB12C7800F885E9 /* Pitch PerfectTests.xctest */;
			productType = "com.apple.product-type.bundle.unit-test";
		};
/* End PBXNativeTarget section */

/* Begin PBXProject section */
		3060747A1AB12C7700F885E9 /* Project object */ = {
			isa = PBXProject;
			attributes = {
				LastUpgradeCheck = 0620;
				ORGANIZATIONNAME = "Jacob Schoen";
				TargetAttributes = {
					306074811AB12C7700F885E9 = {
						CreatedOnToolsVersion = 6.2;
					};
					306074961AB12C7800F885E9 = {
						CreatedOnToolsVersion = 6.2;
						TestTargetID = 306074811AB12C7700F885E9;
					};
				};
			};
			buildConfigurationList = 3060747D1AB12C7700F885E9 /* Build configuration list for PBXProject "Pitch Perfect" */;
			compatibilityVersion = "Xcode 3.2";
			developmentRegion = English;
			hasScannedForEncodings = 0;
			knownRegions = (
				en,
				Base,
			);
			mainGroup = 306074791AB12C7700F885E9;
			productRefGroup = 306074831AB12C7800F885E9 /* Products */;
			projectDirPath = "";
			projectRoot = "";
			targets = (
				306074811AB12C7700F885E9 /* Pitch Perfect */,
				306074961AB12C7800F885E9 /* Pitch PerfectTests */,
			);
		};
/* End PBXProject section */

/* Begin PBXResourcesBuildPhase section */
		306074801AB12C7700F885E9 /* Resources */ = {
			isa = PBXResourcesBuildPhase;
			buildActionMask = 2147483647;
			files = (
				3060748D1AB12C7800F885E9 /* Main.storyboard in Resources */,
				306074921AB12C7800F885E9 /* LaunchScreen.xib in Resources */,
				3060748F1AB12C7800F885E9 /* Images.xcassets in Resources */,
			);
			runOnlyForDeploymentPostprocessing = 0;
		};
		306074951AB12C7800F885E9 /* Resources */ = {
			isa = PBXResourcesBuildPhase;
			buildActionMask = 2147483647;
			files = (
			);
			runOnlyForDeploymentPostprocessing = 0;
		};
/* End PBXResourcesBuildPhase section */

/* Begin PBXSourcesBuildPhase section */
		3060747E1AB12C7700F885E9 /* Sources */ = {
			isa = PBXSourcesBuildPhase;
			buildActionMask = 2147483647;
			files = (
				303E08E71AB2739D008CD270 /* RecordedAudio.swift in Sources */,
				3060748A1AB12C7800F885E9 /* RecordsSoundViewController.swift in Sources */,
				303E08E31AB260C8008CD270 /* PlaySoundsViewController.swift in Sources */,
				306074881AB12C7800F885E9 /* AppDelegate.swift in Sources */,
			);
			runOnlyForDeploymentPostprocessing = 0;
		};
		306074931AB12C7800F885E9 /* Sources */ = {
			isa = PBXSourcesBuildPhase;
			buildActionMask = 2147483647;
			files = (
				3060749E1AB12C7800F885E9 /* Pitch_PerfectTests.swift in Sources */,
			);
			runOnlyForDeploymentPostprocessing = 0;
		};
/* End PBXSourcesBuildPhase section */

/* Begin PBXTargetDependency section */
		306074991AB12C7800F885E9 /* PBXTargetDependency */ = {
			isa = PBXTargetDependency;
			target = 306074811AB12C7700F885E9 /* Pitch Perfect */;
			targetProxy = 306074981AB12C7800F885E9 /* PBXContainerItemProxy */;
		};
/* End PBXTargetDependency section */

/* Begin PBXVariantGroup section */
		3060748B1AB12C7800F885E9 /* Main.storyboard */ = {
			isa = PBXVariantGroup;
			children = (
				3060748C1AB12C7800F885E9 /* Base */,
			);
			name = Main.storyboard;
			sourceTree = "<group>";
		};
		306074901AB12C7800F885E9 /* LaunchScreen.xib */ = {
			isa = PBXVariantGroup;
			children = (
				306074911AB12C7800F885E9 /* Base */,
			);
			name = LaunchScreen.xib;
			sourceTree = "<group>";
		};
/* End PBXVariantGroup section */

/* Begin XCBuildConfiguration section */
		3060749F1AB12C7800F885E9 /* Debug */ = {
			isa = XCBuildConfiguration;
			buildSettings = {
				ALWAYS_SEARCH_USER_PATHS = NO;
				CLANG_CXX_LANGUAGE_STANDARD = "gnu++0x";
				CLANG_CXX_LIBRARY = "libc++";
				CLANG_ENABLE_MODULES = YES;
				CLANG_ENABLE_OBJC_ARC = YES;
				CLANG_WARN_BOOL_CONVERSION = YES;
				CLANG_WARN_CONSTANT_CONVERSION = YES;
				CLANG_WARN_DIRECT_OBJC_ISA_USAGE = YES_ERROR;
				CLANG_WARN_EMPTY_BODY = YES;
				CLANG_WARN_ENUM_CONVERSION = YES;
				CLANG_WARN_INT_CONVERSION = YES;
				CLANG_WARN_OBJC_ROOT_CLASS = YES_ERROR;
				CLANG_WARN_UNREACHABLE_CODE = YES;
				CLANG_WARN__DUPLICATE_METHOD_MATCH = YES;
				"CODE_SIGN_IDENTITY[sdk=iphoneos*]" = "iPhone Developer";
				COPY_PHASE_STRIP = NO;
				ENABLE_STRICT_OBJC_MSGSEND = YES;
				GCC_C_LANGUAGE_STANDARD = gnu99;
				GCC_DYNAMIC_NO_PIC = NO;
				GCC_OPTIMIZATION_LEVEL = 0;
				GCC_PREPROCESSOR_DEFINITIONS = (
					"DEBUG=1",
					"$(inherited)",
				);
				GCC_SYMBOLS_PRIVATE_EXTERN = NO;
				GCC_WARN_64_TO_32_BIT_CONVERSION = YES;
				GCC_WARN_ABOUT_RETURN_TYPE = YES_ERROR;
				GCC_WARN_UNDECLARED_SELECTOR = YES;
				GCC_WARN_UNINITIALIZED_AUTOS = YES_AGGRESSIVE;
				GCC_WARN_UNUSED_FUNCTION = YES;
				GCC_WARN_UNUSED_VARIABLE = YES;
				IPHONEOS_DEPLOYMENT_TARGET = 8.2;
				MTL_ENABLE_DEBUG_INFO = YES;
				ONLY_ACTIVE_ARCH = YES;
				SDKROOT = iphoneos;
				SWIFT_OPTIMIZATION_LEVEL = "-Onone";
			};
			name = Debug;
		};
		306074A01AB12C7800F885E9 /* Release */ = {
			isa = XCBuildConfiguration;
			buildSettings = {
				ALWAYS_SEARCH_USER_PATHS = NO;
				CLANG_CXX_LANGUAGE_STANDARD = "gnu++0x";
				CLANG_CXX_LIBRARY = "libc++";
				CLANG_ENABLE_MODULES = YES;
				CLANG_ENABLE_OBJC_ARC = YES;
				CLANG_WARN_BOOL_CONVERSION = YES;
				CLANG_WARN_CONSTANT_CONVERSION = YES;
				CLANG_WARN_DIRECT_OBJC_ISA_USAGE = YES_ERROR;
				CLANG_WARN_EMPTY_BODY = YES;
				CLANG_WARN_ENUM_CONVERSION = YES;
				CLANG_WARN_INT_CONVERSION = YES;
				CLANG_WARN_OBJC_ROOT_CLASS = YES_ERROR;
				CLANG_WARN_UNREACHABLE_CODE = YES;
				CLANG_WARN__DUPLICATE_METHOD_MATCH = YES;
				"CODE_SIGN_IDENTITY[sdk=iphoneos*]" = "iPhone Developer";
				COPY_PHASE_STRIP = NO;
				ENABLE_NS_ASSERTIONS = NO;
				ENABLE_STRICT_OBJC_MSGSEND = YES;
				GCC_C_LANGUAGE_STANDARD = gnu99;
				GCC_WARN_64_TO_32_BIT_CONVERSION = YES;
				GCC_WARN_ABOUT_RETURN_TYPE = YES_ERROR;
				GCC_WARN_UNDECLARED_SELECTOR = YES;
				GCC_WARN_UNINITIALIZED_AUTOS = YES_AGGRESSIVE;
				GCC_WARN_UNUSED_FUNCTION = YES;
				GCC_WARN_UNUSED_VARIABLE = YES;
				IPHONEOS_DEPLOYMENT_TARGET = 8.2;
				MTL_ENABLE_DEBUG_INFO = NO;
				SDKROOT = iphoneos;
				VALIDATE_PRODUCT = YES;
			};
			name = Release;
		};
		306074A21AB12C7800F885E9 /* Debug */ = {
			isa = XCBuildConfiguration;
			buildSettings = {
				ASSETCATALOG_COMPILER_APPICON_NAME = AppIcon;
				INFOPLIST_FILE = "Pitch Perfect/Info.plist";
				LD_RUNPATH_SEARCH_PATHS = "$(inherited) @executable_path/Frameworks";
				PRODUCT_NAME = "$(TARGET_NAME)";
			};
			name = Debug;
		};
		306074A31AB12C7800F885E9 /* Release */ = {
			isa = XCBuildConfiguration;
			buildSettings = {
				ASSETCATALOG_COMPILER_APPICON_NAME = AppIcon;
				INFOPLIST_FILE = "Pitch Perfect/Info.plist";
				LD_RUNPATH_SEARCH_PATHS = "$(inherited) @executable_path/Frameworks";
				PRODUCT_NAME = "$(TARGET_NAME)";
			};
			name = Release;
		};
		306074A51AB12C7800F885E9 /* Debug */ = {
			isa = XCBuildConfiguration;
			buildSettings = {
				BUNDLE_LOADER = "$(TEST_HOST)";
				FRAMEWORK_SEARCH_PATHS = (
					"$(SDKROOT)/Developer/Library/Frameworks",
					"$(inherited)",
				);
				GCC_PREPROCESSOR_DEFINITIONS = (
					"DEBUG=1",
					"$(inherited)",
				);
				INFOPLIST_FILE = "Pitch PerfectTests/Info.plist";
				LD_RUNPATH_SEARCH_PATHS = "$(inherited) @executable_path/Frameworks @loader_path/Frameworks";
				PRODUCT_NAME = "$(TARGET_NAME)";
				TEST_HOST = "$(BUILT_PRODUCTS_DIR)/Pitch Perfect.app/Pitch Perfect";
			};
			name = Debug;
		};
		306074A61AB12C7800F885E9 /* Release */ = {
			isa = XCBuildConfiguration;
			buildSettings = {
				BUNDLE_LOADER = "$(TEST_HOST)";
				FRAMEWORK_SEARCH_PATHS = (
					"$(SDKROOT)/Developer/Library/Frameworks",
					"$(inherited)",
				);
				INFOPLIST_FILE = "Pitch PerfectTests/Info.plist";
				LD_RUNPATH_SEARCH_PATHS = "$(inherited) @executable_path/Frameworks @loader_path/Frameworks";
				PRODUCT_NAME = "$(TARGET_NAME)";
				TEST_HOST = "$(BUILT_PRODUCTS_DIR)/Pitch Perfect.app/Pitch Perfect";
			};
			name = Release;
		};
/* End XCBuildConfiguration section */

/* Begin XCConfigurationList section */
		3060747D1AB12C7700F885E9 /* Build configuration list for PBXProject "Pitch Perfect" */ = {
			isa = XCConfigurationList;
			buildConfigurations = (
				3060749F1AB12C7800F885E9 /* Debug */,
				306074A01AB12C7800F885E9 /* Release */,
			);
			defaultConfigurationIsVisible = 0;
			defaultConfigurationName = Release;
		};
		306074A11AB12C7800F885E9 /* Build configuration list for PBXNativeTarget "Pitch Perfect" */ = {
			isa = XCConfigurationList;
			buildConfigurations = (
				306074A21AB12C7800F885E9 /* Debug */,
				306074A31AB12C7800F885E9 /* Release */,
			);
			defaultConfigurationIsVisible = 0;
			defaultConfigurationName = Release;
		};
		306074A41AB12C7800F885E9 /* Build configuration list for PBXNativeTarget "Pitch PerfectTests" */ = {
			isa = XCConfigurationList;
			buildConfigurations = (
				306074A51AB12C7800F885E9 /* Debug */,
				306074A61AB12C7800F885E9 /* Release */,
			);
			defaultConfigurationIsVisible = 0;
			defaultConfigurationName = Release;
		};
/* End XCConfigurationList section */
	};
	rootObject = 3060747A1AB12C7700F885E9 /* Project object */;
}
